// !$*UTF8*$!
{
	archiveVersion = 1;
	classes = {
	};
	objectVersion = 50;
	objects = {

/* Begin PBXBuildFile section */
		3EBADC84253F334D00BFE157 /* AppDelegate.swift in Sources */ = {isa = PBXBuildFile; fileRef = 3EBADC83253F334D00BFE157 /* AppDelegate.swift */; };
		3EBADC86253F334D00BFE157 /* SceneDelegate.swift in Sources */ = {isa = PBXBuildFile; fileRef = 3EBADC85253F334D00BFE157 /* SceneDelegate.swift */; };
		3EBADC88253F334D00BFE157 /* ContentView.swift in Sources */ = {isa = PBXBuildFile; fileRef = 3EBADC87253F334D00BFE157 /* ContentView.swift */; };
		3EBADC8A253F334E00BFE157 /* Assets.xcassets in Resources */ = {isa = PBXBuildFile; fileRef = 3EBADC89253F334E00BFE157 /* Assets.xcassets */; };
		3EBADC8D253F334E00BFE157 /* Preview Assets.xcassets in Resources */ = {isa = PBXBuildFile; fileRef = 3EBADC8C253F334E00BFE157 /* Preview Assets.xcassets */; };
		3EBADC90253F334E00BFE157 /* LaunchScreen.storyboard in Resources */ = {isa = PBXBuildFile; fileRef = 3EBADC8E253F334E00BFE157 /* LaunchScreen.storyboard */; };
		3EBADC9B253F334F00BFE157 /* JananeseMarriageTests.swift in Sources */ = {isa = PBXBuildFile; fileRef = 3EBADC9A253F334F00BFE157 /* JananeseMarriageTests.swift */; };
		3EBADCA6253F334F00BFE157 /* JananeseMarriageUITests.swift in Sources */ = {isa = PBXBuildFile; fileRef = 3EBADCA5253F334F00BFE157 /* JananeseMarriageUITests.swift */; };
		3EBADCBC253F368C00BFE157 /* MarriageError.swift in Sources */ = {isa = PBXBuildFile; fileRef = 3EBADCBB253F368C00BFE157 /* MarriageError.swift */; };
		3EBADCC1253F36D900BFE157 /* Enum.swift in Sources */ = {isa = PBXBuildFile; fileRef = 3EBADCC0253F36D900BFE157 /* Enum.swift */; };
		3EBADCCA253F39DD00BFE157 /* Japanese.swift in Sources */ = {isa = PBXBuildFile; fileRef = 3EBADCC9253F39DD00BFE157 /* Japanese.swift */; };
/* End PBXBuildFile section */

/* Begin PBXContainerItemProxy section */
		3EBADC97253F334F00BFE157 /* PBXContainerItemProxy */ = {
			isa = PBXContainerItemProxy;
			containerPortal = 3EBADC78253F334D00BFE157 /* Project object */;
			proxyType = 1;
			remoteGlobalIDString = 3EBADC7F253F334D00BFE157;
			remoteInfo = JananeseMarriage;
		};
		3EBADCA2253F334F00BFE157 /* PBXContainerItemProxy */ = {
			isa = PBXContainerItemProxy;
			containerPortal = 3EBADC78253F334D00BFE157 /* Project object */;
			proxyType = 1;
			remoteGlobalIDString = 3EBADC7F253F334D00BFE157;
			remoteInfo = JananeseMarriage;
		};
/* End PBXContainerItemProxy section */

/* Begin PBXFileReference section */
		3EBADC80253F334D00BFE157 /* JananeseMarriage.app */ = {isa = PBXFileReference; explicitFileType = wrapper.application; includeInIndex = 0; path = JananeseMarriage.app; sourceTree = BUILT_PRODUCTS_DIR; };
		3EBADC83253F334D00BFE157 /* AppDelegate.swift */ = {isa = PBXFileReference; lastKnownFileType = sourcecode.swift; path = AppDelegate.swift; sourceTree = "<group>"; };
		3EBADC85253F334D00BFE157 /* SceneDelegate.swift */ = {isa = PBXFileReference; lastKnownFileType = sourcecode.swift; path = SceneDelegate.swift; sourceTree = "<group>"; };
		3EBADC87253F334D00BFE157 /* ContentView.swift */ = {isa = PBXFileReference; lastKnownFileType = sourcecode.swift; path = ContentView.swift; sourceTree = "<group>"; };
		3EBADC89253F334E00BFE157 /* Assets.xcassets */ = {isa = PBXFileReference; lastKnownFileType = folder.assetcatalog; path = Assets.xcassets; sourceTree = "<group>"; };
		3EBADC8C253F334E00BFE157 /* Preview Assets.xcassets */ = {isa = PBXFileReference; lastKnownFileType = folder.assetcatalog; path = "Preview Assets.xcassets"; sourceTree = "<group>"; };
		3EBADC8F253F334E00BFE157 /* Base */ = {isa = PBXFileReference; lastKnownFileType = file.storyboard; name = Base; path = Base.lproj/LaunchScreen.storyboard; sourceTree = "<group>"; };
		3EBADC91253F334E00BFE157 /* Info.plist */ = {isa = PBXFileReference; lastKnownFileType = text.plist.xml; path = Info.plist; sourceTree = "<group>"; };
		3EBADC96253F334F00BFE157 /* JananeseMarriageTests.xctest */ = {isa = PBXFileReference; explicitFileType = wrapper.cfbundle; includeInIndex = 0; path = JananeseMarriageTests.xctest; sourceTree = BUILT_PRODUCTS_DIR; };
		3EBADC9A253F334F00BFE157 /* JananeseMarriageTests.swift */ = {isa = PBXFileReference; lastKnownFileType = sourcecode.swift; path = JananeseMarriageTests.swift; sourceTree = "<group>"; };
		3EBADC9C253F334F00BFE157 /* Info.plist */ = {isa = PBXFileReference; lastKnownFileType = text.plist.xml; path = Info.plist; sourceTree = "<group>"; };
		3EBADCA1253F334F00BFE157 /* JananeseMarriageUITests.xctest */ = {isa = PBXFileReference; explicitFileType = wrapper.cfbundle; includeInIndex = 0; path = JananeseMarriageUITests.xctest; sourceTree = BUILT_PRODUCTS_DIR; };
		3EBADCA5253F334F00BFE157 /* JananeseMarriageUITests.swift */ = {isa = PBXFileReference; lastKnownFileType = sourcecode.swift; path = JananeseMarriageUITests.swift; sourceTree = "<group>"; };
		3EBADCA7253F334F00BFE157 /* Info.plist */ = {isa = PBXFileReference; lastKnownFileType = text.plist.xml; path = Info.plist; sourceTree = "<group>"; };
		3EBADCBB253F368C00BFE157 /* MarriageError.swift */ = {isa = PBXFileReference; lastKnownFileType = sourcecode.swift; path = MarriageError.swift; sourceTree = "<group>"; };
		3EBADCC0253F36D900BFE157 /* Enum.swift */ = {isa = PBXFileReference; lastKnownFileType = sourcecode.swift; path = Enum.swift; sourceTree = "<group>"; };
		3EBADCC9253F39DD00BFE157 /* Japanese.swift */ = {isa = PBXFileReference; lastKnownFileType = sourcecode.swift; path = Japanese.swift; sourceTree = "<group>"; };
/* End PBXFileReference section */

/* Begin PBXFrameworksBuildPhase section */
		3EBADC7D253F334D00BFE157 /* Frameworks */ = {
			isa = PBXFrameworksBuildPhase;
			buildActionMask = 2147483647;
			files = (
			);
			runOnlyForDeploymentPostprocessing = 0;
		};
		3EBADC93253F334F00BFE157 /* Frameworks */ = {
			isa = PBXFrameworksBuildPhase;
			buildActionMask = 2147483647;
			files = (
			);
			runOnlyForDeploymentPostprocessing = 0;
		};
		3EBADC9E253F334F00BFE157 /* Frameworks */ = {
			isa = PBXFrameworksBuildPhase;
			buildActionMask = 2147483647;
			files = (
			);
			runOnlyForDeploymentPostprocessing = 0;
		};
/* End PBXFrameworksBuildPhase section */

/* Begin PBXGroup section */
		3EBADC77253F334D00BFE157 = {
			isa = PBXGroup;
			children = (
				3EBADC82253F334D00BFE157 /* JananeseMarriage */,
				3EBADC99253F334F00BFE157 /* JananeseMarriageTests */,
				3EBADCA4253F334F00BFE157 /* JananeseMarriageUITests */,
				3EBADC81253F334D00BFE157 /* Products */,
			);
			sourceTree = "<group>";
		};
		3EBADC81253F334D00BFE157 /* Products */ = {
			isa = PBXGroup;
			children = (
				3EBADC80253F334D00BFE157 /* JananeseMarriage.app */,
				3EBADC96253F334F00BFE157 /* JananeseMarriageTests.xctest */,
				3EBADCA1253F334F00BFE157 /* JananeseMarriageUITests.xctest */,
			);
			name = Products;
			sourceTree = "<group>";
		};
		3EBADC82253F334D00BFE157 /* JananeseMarriage */ = {
			isa = PBXGroup;
			children = (
				3EBADCC9253F39DD00BFE157 /* Japanese.swift */,
				3EBADCC5253F378B00BFE157 /* Const */,
				3EBADC83253F334D00BFE157 /* AppDelegate.swift */,
				3EBADC85253F334D00BFE157 /* SceneDelegate.swift */,
				3EBADC87253F334D00BFE157 /* ContentView.swift */,
				3EBADC89253F334E00BFE157 /* Assets.xcassets */,
				3EBADC8E253F334E00BFE157 /* LaunchScreen.storyboard */,
				3EBADC91253F334E00BFE157 /* Info.plist */,
				3EBADC8B253F334E00BFE157 /* Preview Content */,
			);
			path = JananeseMarriage;
			sourceTree = "<group>";
		};
		3EBADC8B253F334E00BFE157 /* Preview Content */ = {
			isa = PBXGroup;
			children = (
				3EBADC8C253F334E00BFE157 /* Preview Assets.xcassets */,
			);
			path = "Preview Content";
			sourceTree = "<group>";
		};
		3EBADC99253F334F00BFE157 /* JananeseMarriageTests */ = {
			isa = PBXGroup;
			children = (
				3EBADC9A253F334F00BFE157 /* JananeseMarriageTests.swift */,
				3EBADC9C253F334F00BFE157 /* Info.plist */,
			);
			path = JananeseMarriageTests;
			sourceTree = "<group>";
		};
		3EBADCA4253F334F00BFE157 /* JananeseMarriageUITests */ = {
			isa = PBXGroup;
			children = (
				3EBADCA5253F334F00BFE157 /* JananeseMarriageUITests.swift */,
				3EBADCA7253F334F00BFE157 /* Info.plist */,
			);
			path = JananeseMarriageUITests;
			sourceTree = "<group>";
		};
		3EBADCC5253F378B00BFE157 /* Const */ = {
			isa = PBXGroup;
			children = (
				3EBADCC0253F36D900BFE157 /* Enum.swift */,
				3EBADCBB253F368C00BFE157 /* MarriageError.swift */,
			);
			path = Const;
			sourceTree = "<group>";
		};
/* End PBXGroup section */

/* Begin PBXNativeTarget section */
		3EBADC7F253F334D00BFE157 /* JananeseMarriage */ = {
			isa = PBXNativeTarget;
			buildConfigurationList = 3EBADCAA253F334F00BFE157 /* Build configuration list for PBXNativeTarget "JananeseMarriage" */;
			buildPhases = (
				3EBADC7C253F334D00BFE157 /* Sources */,
				3EBADC7D253F334D00BFE157 /* Frameworks */,
				3EBADC7E253F334D00BFE157 /* Resources */,
			);
			buildRules = (
			);
			dependencies = (
			);
			name = JananeseMarriage;
			productName = JananeseMarriage;
			productReference = 3EBADC80253F334D00BFE157 /* JananeseMarriage.app */;
			productType = "com.apple.product-type.application";
		};
		3EBADC95253F334F00BFE157 /* JananeseMarriageTests */ = {
			isa = PBXNativeTarget;
			buildConfigurationList = 3EBADCAD253F334F00BFE157 /* Build configuration list for PBXNativeTarget "JananeseMarriageTests" */;
			buildPhases = (
				3EBADC92253F334F00BFE157 /* Sources */,
				3EBADC93253F334F00BFE157 /* Frameworks */,
				3EBADC94253F334F00BFE157 /* Resources */,
			);
			buildRules = (
			);
			dependencies = (
				3EBADC98253F334F00BFE157 /* PBXTargetDependency */,
			);
			name = JananeseMarriageTests;
			productName = JananeseMarriageTests;
			productReference = 3EBADC96253F334F00BFE157 /* JananeseMarriageTests.xctest */;
			productType = "com.apple.product-type.bundle.unit-test";
		};
		3EBADCA0253F334F00BFE157 /* JananeseMarriageUITests */ = {
			isa = PBXNativeTarget;
			buildConfigurationList = 3EBADCB0253F334F00BFE157 /* Build configuration list for PBXNativeTarget "JananeseMarriageUITests" */;
			buildPhases = (
				3EBADC9D253F334F00BFE157 /* Sources */,
				3EBADC9E253F334F00BFE157 /* Frameworks */,
				3EBADC9F253F334F00BFE157 /* Resources */,
			);
			buildRules = (
			);
			dependencies = (
				3EBADCA3253F334F00BFE157 /* PBXTargetDependency */,
			);
			name = JananeseMarriageUITests;
			productName = JananeseMarriageUITests;
			productReference = 3EBADCA1253F334F00BFE157 /* JananeseMarriageUITests.xctest */;
			productType = "com.apple.product-type.bundle.ui-testing";
		};
/* End PBXNativeTarget section */

/* Begin PBXProject section */
		3EBADC78253F334D00BFE157 /* Project object */ = {
			isa = PBXProject;
			attributes = {
				LastSwiftUpdateCheck = 1200;
				LastUpgradeCheck = 1200;
				TargetAttributes = {
					3EBADC7F253F334D00BFE157 = {
						CreatedOnToolsVersion = 12.0.1;
					};
					3EBADC95253F334F00BFE157 = {
						CreatedOnToolsVersion = 12.0.1;
						TestTargetID = 3EBADC7F253F334D00BFE157;
					};
					3EBADCA0253F334F00BFE157 = {
						CreatedOnToolsVersion = 12.0.1;
						TestTargetID = 3EBADC7F253F334D00BFE157;
					};
				};
			};
			buildConfigurationList = 3EBADC7B253F334D00BFE157 /* Build configuration list for PBXProject "JananeseMarriage" */;
			compatibilityVersion = "Xcode 9.3";
			developmentRegion = en;
			hasScannedForEncodings = 0;
			knownRegions = (
				en,
				Base,
			);
			mainGroup = 3EBADC77253F334D00BFE157;
			productRefGroup = 3EBADC81253F334D00BFE157 /* Products */;
			projectDirPath = "";
			projectRoot = "";
			targets = (
				3EBADC7F253F334D00BFE157 /* JananeseMarriage */,
				3EBADC95253F334F00BFE157 /* JananeseMarriageTests */,
				3EBADCA0253F334F00BFE157 /* JananeseMarriageUITests */,
			);
		};
/* End PBXProject section */

/* Begin PBXResourcesBuildPhase section */
		3EBADC7E253F334D00BFE157 /* Resources */ = {
			isa = PBXResourcesBuildPhase;
			buildActionMask = 2147483647;
			files = (
				3EBADC90253F334E00BFE157 /* LaunchScreen.storyboard in Resources */,
				3EBADC8D253F334E00BFE157 /* Preview Assets.xcassets in Resources */,
				3EBADC8A253F334E00BFE157 /* Assets.xcassets in Resources */,
			);
			runOnlyForDeploymentPostprocessing = 0;
		};
		3EBADC94253F334F00BFE157 /* Resources */ = {
			isa = PBXResourcesBuildPhase;
			buildActionMask = 2147483647;
			files = (
			);
			runOnlyForDeploymentPostprocessing = 0;
		};
		3EBADC9F253F334F00BFE157 /* Resources */ = {
			isa = PBXResourcesBuildPhase;
			buildActionMask = 2147483647;
			files = (
			);
			runOnlyForDeploymentPostprocessing = 0;
		};
/* End PBXResourcesBuildPhase section */

/* Begin PBXSourcesBuildPhase section */
		3EBADC7C253F334D00BFE157 /* Sources */ = {
			isa = PBXSourcesBuildPhase;
			buildActionMask = 2147483647;
			files = (
				3EBADCCA253F39DD00BFE157 /* Japanese.swift in Sources */,
				3EBADC84253F334D00BFE157 /* AppDelegate.swift in Sources */,
				3EBADCC1253F36D900BFE157 /* Enum.swift in Sources */,
				3EBADC86253F334D00BFE157 /* SceneDelegate.swift in Sources */,
				3EBADCBC253F368C00BFE157 /* MarriageError.swift in Sources */,
				3EBADC88253F334D00BFE157 /* ContentView.swift in Sources */,
			);
			runOnlyForDeploymentPostprocessing = 0;
		};
		3EBADC92253F334F00BFE157 /* Sources */ = {
			isa = PBXSourcesBuildPhase;
			buildActionMask = 2147483647;
			files = (
				3EBADC9B253F334F00BFE157 /* JananeseMarriageTests.swift in Sources */,
			);
			runOnlyForDeploymentPostprocessing = 0;
		};
		3EBADC9D253F334F00BFE157 /* Sources */ = {
			isa = PBXSourcesBuildPhase;
			buildActionMask = 2147483647;
			files = (
				3EBADCA6253F334F00BFE157 /* JananeseMarriageUITests.swift in Sources */,
			);
			runOnlyForDeploymentPostprocessing = 0;
		};
/* End PBXSourcesBuildPhase section */

/* Begin PBXTargetDependency section */
		3EBADC98253F334F00BFE157 /* PBXTargetDependency */ = {
			isa = PBXTargetDependency;
			target = 3EBADC7F253F334D00BFE157 /* JananeseMarriage */;
			targetProxy = 3EBADC97253F334F00BFE157 /* PBXContainerItemProxy */;
		};
		3EBADCA3253F334F00BFE157 /* PBXTargetDependency */ = {
			isa = PBXTargetDependency;
			target = 3EBADC7F253F334D00BFE157 /* JananeseMarriage */;
			targetProxy = 3EBADCA2253F334F00BFE157 /* PBXContainerItemProxy */;
		};
/* End PBXTargetDependency section */

/* Begin PBXVariantGroup section */
		3EBADC8E253F334E00BFE157 /* LaunchScreen.storyboard */ = {
			isa = PBXVariantGroup;
			children = (
				3EBADC8F253F334E00BFE157 /* Base */,
			);
			name = LaunchScreen.storyboard;
			sourceTree = "<group>";
		};
/* End PBXVariantGroup section */

/* Begin XCBuildConfiguration section */
		3EBADCA8253F334F00BFE157 /* Debug */ = {
			isa = XCBuildConfiguration;
			buildSettings = {
				ALWAYS_SEARCH_USER_PATHS = NO;
				CLANG_ANALYZER_NONNULL = YES;
				CLANG_ANALYZER_NUMBER_OBJECT_CONVERSION = YES_AGGRESSIVE;
				CLANG_CXX_LANGUAGE_STANDARD = "gnu++14";
				CLANG_CXX_LIBRARY = "libc++";
				CLANG_ENABLE_MODULES = YES;
				CLANG_ENABLE_OBJC_ARC = YES;
				CLANG_ENABLE_OBJC_WEAK = YES;
				CLANG_WARN_BLOCK_CAPTURE_AUTORELEASING = YES;
				CLANG_WARN_BOOL_CONVERSION = YES;
				CLANG_WARN_COMMA = YES;
				CLANG_WARN_CONSTANT_CONVERSION = YES;
				CLANG_WARN_DEPRECATED_OBJC_IMPLEMENTATIONS = YES;
				CLANG_WARN_DIRECT_OBJC_ISA_USAGE = YES_ERROR;
				CLANG_WARN_DOCUMENTATION_COMMENTS = YES;
				CLANG_WARN_EMPTY_BODY = YES;
				CLANG_WARN_ENUM_CONVERSION = YES;
				CLANG_WARN_INFINITE_RECURSION = YES;
				CLANG_WARN_INT_CONVERSION = YES;
				CLANG_WARN_NON_LITERAL_NULL_CONVERSION = YES;
				CLANG_WARN_OBJC_IMPLICIT_RETAIN_SELF = YES;
				CLANG_WARN_OBJC_LITERAL_CONVERSION = YES;
				CLANG_WARN_OBJC_ROOT_CLASS = YES_ERROR;
				CLANG_WARN_QUOTED_INCLUDE_IN_FRAMEWORK_HEADER = YES;
				CLANG_WARN_RANGE_LOOP_ANALYSIS = YES;
				CLANG_WARN_STRICT_PROTOTYPES = YES;
				CLANG_WARN_SUSPICIOUS_MOVE = YES;
				CLANG_WARN_UNGUARDED_AVAILABILITY = YES_AGGRESSIVE;
				CLANG_WARN_UNREACHABLE_CODE = YES;
				CLANG_WARN__DUPLICATE_METHOD_MATCH = YES;
				COPY_PHASE_STRIP = NO;
				DEBUG_INFORMATION_FORMAT = dwarf;
				ENABLE_STRICT_OBJC_MSGSEND = YES;
				ENABLE_TESTABILITY = YES;
				GCC_C_LANGUAGE_STANDARD = gnu11;
				GCC_DYNAMIC_NO_PIC = NO;
				GCC_NO_COMMON_BLOCKS = YES;
				GCC_OPTIMIZATION_LEVEL = 0;
				GCC_PREPROCESSOR_DEFINITIONS = (
					"DEBUG=1",
					"$(inherited)",
				);
				GCC_WARN_64_TO_32_BIT_CONVERSION = YES;
				GCC_WARN_ABOUT_RETURN_TYPE = YES_ERROR;
				GCC_WARN_UNDECLARED_SELECTOR = YES;
				GCC_WARN_UNINITIALIZED_AUTOS = YES_AGGRESSIVE;
				GCC_WARN_UNUSED_FUNCTION = YES;
				GCC_WARN_UNUSED_VARIABLE = YES;
				IPHONEOS_DEPLOYMENT_TARGET = 14.0;
				MTL_ENABLE_DEBUG_INFO = INCLUDE_SOURCE;
				MTL_FAST_MATH = YES;
				ONLY_ACTIVE_ARCH = YES;
				SDKROOT = iphoneos;
				SWIFT_ACTIVE_COMPILATION_CONDITIONS = DEBUG;
				SWIFT_OPTIMIZATION_LEVEL = "-Onone";
			};
			name = Debug;
		};
		3EBADCA9253F334F00BFE157 /* Release */ = {
			isa = XCBuildConfiguration;
			buildSettings = {
				ALWAYS_SEARCH_USER_PATHS = NO;
				CLANG_ANALYZER_NONNULL = YES;
				CLANG_ANALYZER_NUMBER_OBJECT_CONVERSION = YES_AGGRESSIVE;
				CLANG_CXX_LANGUAGE_STANDARD = "gnu++14";
				CLANG_CXX_LIBRARY = "libc++";
				CLANG_ENABLE_MODULES = YES;
				CLANG_ENABLE_OBJC_ARC = YES;
				CLANG_ENABLE_OBJC_WEAK = YES;
				CLANG_WARN_BLOCK_CAPTURE_AUTORELEASING = YES;
				CLANG_WARN_BOOL_CONVERSION = YES;
				CLANG_WARN_COMMA = YES;
				CLANG_WARN_CONSTANT_CONVERSION = YES;
				CLANG_WARN_DEPRECATED_OBJC_IMPLEMENTATIONS = YES;
				CLANG_WARN_DIRECT_OBJC_ISA_USAGE = YES_ERROR;
				CLANG_WARN_DOCUMENTATION_COMMENTS = YES;
				CLANG_WARN_EMPTY_BODY = YES;
				CLANG_WARN_ENUM_CONVERSION = YES;
				CLANG_WARN_INFINITE_RECURSION = YES;
				CLANG_WARN_INT_CONVERSION = YES;
				CLANG_WARN_NON_LITERAL_NULL_CONVERSION = YES;
				CLANG_WARN_OBJC_IMPLICIT_RETAIN_SELF = YES;
				CLANG_WARN_OBJC_LITERAL_CONVERSION = YES;
				CLANG_WARN_OBJC_ROOT_CLASS = YES_ERROR;
				CLANG_WARN_QUOTED_INCLUDE_IN_FRAMEWORK_HEADER = YES;
				CLANG_WARN_RANGE_LOOP_ANALYSIS = YES;
				CLANG_WARN_STRICT_PROTOTYPES = YES;
				CLANG_WARN_SUSPICIOUS_MOVE = YES;
				CLANG_WARN_UNGUARDED_AVAILABILITY = YES_AGGRESSIVE;
				CLANG_WARN_UNREACHABLE_CODE = YES;
				CLANG_WARN__DUPLICATE_METHOD_MATCH = YES;
				COPY_PHASE_STRIP = NO;
				DEBUG_INFORMATION_FORMAT = "dwarf-with-dsym";
				ENABLE_NS_ASSERTIONS = NO;
				ENABLE_STRICT_OBJC_MSGSEND = YES;
				GCC_C_LANGUAGE_STANDARD = gnu11;
				GCC_NO_COMMON_BLOCKS = YES;
				GCC_WARN_64_TO_32_BIT_CONVERSION = YES;
				GCC_WARN_ABOUT_RETURN_TYPE = YES_ERROR;
				GCC_WARN_UNDECLARED_SELECTOR = YES;
				GCC_WARN_UNINITIALIZED_AUTOS = YES_AGGRESSIVE;
				GCC_WARN_UNUSED_FUNCTION = YES;
				GCC_WARN_UNUSED_VARIABLE = YES;
				IPHONEOS_DEPLOYMENT_TARGET = 14.0;
				MTL_ENABLE_DEBUG_INFO = NO;
				MTL_FAST_MATH = YES;
				SDKROOT = iphoneos;
				SWIFT_COMPILATION_MODE = wholemodule;
				SWIFT_OPTIMIZATION_LEVEL = "-O";
				VALIDATE_PRODUCT = YES;
			};
			name = Release;
		};
		3EBADCAB253F334F00BFE157 /* Debug */ = {
			isa = XCBuildConfiguration;
			buildSettings = {
				ASSETCATALOG_COMPILER_APPICON_NAME = AppIcon;
				ASSETCATALOG_COMPILER_GLOBAL_ACCENT_COLOR_NAME = AccentColor;
				CODE_SIGN_STYLE = Automatic;
				DEVELOPMENT_ASSET_PATHS = "\"JananeseMarriage/Preview Content\"";
				ENABLE_PREVIEWS = YES;
				INFOPLIST_FILE = JananeseMarriage/Info.plist;
				LD_RUNPATH_SEARCH_PATHS = (
					"$(inherited)",
					"@executable_path/Frameworks",
				);
				PRODUCT_BUNDLE_IDENTIFIER = toto.JananeseMarriage;
				PRODUCT_NAME = "$(TARGET_NAME)";
				SWIFT_VERSION = 5.0;
				TARGETED_DEVICE_FAMILY = "1,2";
			};
			name = Debug;
		};
		3EBADCAC253F334F00BFE157 /* Release */ = {
			isa = XCBuildConfiguration;
			buildSettings = {
				ASSETCATALOG_COMPILER_APPICON_NAME = AppIcon;
				ASSETCATALOG_COMPILER_GLOBAL_ACCENT_COLOR_NAME = AccentColor;
				CODE_SIGN_STYLE = Automatic;
				DEVELOPMENT_ASSET_PATHS = "\"JananeseMarriage/Preview Content\"";
				ENABLE_PREVIEWS = YES;
				INFOPLIST_FILE = JananeseMarriage/Info.plist;
				LD_RUNPATH_SEARCH_PATHS = (
					"$(inherited)",
					"@executable_path/Frameworks",
				);
				PRODUCT_BUNDLE_IDENTIFIER = toto.JananeseMarriage;
				PRODUCT_NAME = "$(TARGET_NAME)";
				SWIFT_VERSION = 5.0;
				TARGETED_DEVICE_FAMILY = "1,2";
			};
			name = Release;
		};
		3EBADCAE253F334F00BFE157 /* Debug */ = {
			isa = XCBuildConfiguration;
			buildSettings = {
				ALWAYS_EMBED_SWIFT_STANDARD_LIBRARIES = YES;
				BUNDLE_LOADER = "$(TEST_HOST)";
				CODE_SIGN_STYLE = Automatic;
				INFOPLIST_FILE = JananeseMarriageTests/Info.plist;
				IPHONEOS_DEPLOYMENT_TARGET = 14.0;
				LD_RUNPATH_SEARCH_PATHS = (
					"$(inherited)",
					"@executable_path/Frameworks",
					"@loader_path/Frameworks",
				);
				PRODUCT_BUNDLE_IDENTIFIER = toto.JananeseMarriageTests;
				PRODUCT_NAME = "$(TARGET_NAME)";
				SWIFT_VERSION = 5.0;
				TARGETED_DEVICE_FAMILY = "1,2";
				TEST_HOST = "$(BUILT_PRODUCTS_DIR)/JananeseMarriage.app/JananeseMarriage";
			};
			name = Debug;
		};
		3EBADCAF253F334F00BFE157 /* Release */ = {
			isa = XCBuildConfiguration;
			buildSettings = {
				ALWAYS_EMBED_SWIFT_STANDARD_LIBRARIES = YES;
				BUNDLE_LOADER = "$(TEST_HOST)";
				CODE_SIGN_STYLE = Automatic;
				INFOPLIST_FILE = JananeseMarriageTests/Info.plist;
				IPHONEOS_DEPLOYMENT_TARGET = 14.0;
				LD_RUNPATH_SEARCH_PATHS = (
					"$(inherited)",
					"@executable_path/Frameworks",
					"@loader_path/Frameworks",
				);
				PRODUCT_BUNDLE_IDENTIFIER = toto.JananeseMarriageTests;
				PRODUCT_NAME = "$(TARGET_NAME)";
				SWIFT_VERSION = 5.0;
				TARGETED_DEVICE_FAMILY = "1,2";
				TEST_HOST = "$(BUILT_PRODUCTS_DIR)/JananeseMarriage.app/JananeseMarriage";
			};
			name = Release;
		};
		3EBADCB1253F334F00BFE157 /* Debug */ = {
			isa = XCBuildConfiguration;
			buildSettings = {
				ALWAYS_EMBED_SWIFT_STANDARD_LIBRARIES = YES;
				CODE_SIGN_STYLE = Automatic;
				INFOPLIST_FILE = JananeseMarriageUITests/Info.plist;
				LD_RUNPATH_SEARCH_PATHS = (
					"$(inherited)",
					"@executable_path/Frameworks",
					"@loader_path/Frameworks",
				);
				PRODUCT_BUNDLE_IDENTIFIER = toto.JananeseMarriageUITests;
				PRODUCT_NAME = "$(TARGET_NAME)";
				SWIFT_VERSION = 5.0;
				TARGETED_DEVICE_FAMILY = "1,2";
				TEST_TARGET_NAME = JananeseMarriage;
			};
			name = Debug;
		};
		3EBADCB2253F334F00BFE157 /* Release */ = {
			isa = XCBuildConfiguration;
			buildSettings = {
				ALWAYS_EMBED_SWIFT_STANDARD_LIBRARIES = YES;
				CODE_SIGN_STYLE = Automatic;
				INFOPLIST_FILE = JananeseMarriageUITests/Info.plist;
				LD_RUNPATH_SEARCH_PATHS = (
					"$(inherited)",
					"@executable_path/Frameworks",
					"@loader_path/Frameworks",
				);
				PRODUCT_BUNDLE_IDENTIFIER = toto.JananeseMarriageUITests;
				PRODUCT_NAME = "$(TARGET_NAME)";
				SWIFT_VERSION = 5.0;
				TARGETED_DEVICE_FAMILY = "1,2";
				TEST_TARGET_NAME = JananeseMarriage;
			};
			name = Release;
		};
/* End XCBuildConfiguration section */

/* Begin XCConfigurationList section */
		3EBADC7B253F334D00BFE157 /* Build configuration list for PBXProject "JananeseMarriage" */ = {
			isa = XCConfigurationList;
			buildConfigurations = (
				3EBADCA8253F334F00BFE157 /* Debug */,
				3EBADCA9253F334F00BFE157 /* Release */,
			);
			defaultConfigurationIsVisible = 0;
			defaultConfigurationName = Release;
		};
		3EBADCAA253F334F00BFE157 /* Build configuration list for PBXNativeTarget "JananeseMarriage" */ = {
			isa = XCConfigurationList;
			buildConfigurations = (
				3EBADCAB253F334F00BFE157 /* Debug */,
				3EBADCAC253F334F00BFE157 /* Release */,
			);
			defaultConfigurationIsVisible = 0;
			defaultConfigurationName = Release;
		};
		3EBADCAD253F334F00BFE157 /* Build configuration list for PBXNativeTarget "JananeseMarriageTests" */ = {
			isa = XCConfigurationList;
			buildConfigurations = (
				3EBADCAE253F334F00BFE157 /* Debug */,
				3EBADCAF253F334F00BFE157 /* Release */,
			);
			defaultConfigurationIsVisible = 0;
			defaultConfigurationName = Release;
		};
		3EBADCB0253F334F00BFE157 /* Build configuration list for PBXNativeTarget "JananeseMarriageUITests" */ = {
			isa = XCConfigurationList;
			buildConfigurations = (
				3EBADCB1253F334F00BFE157 /* Debug */,
				3EBADCB2253F334F00BFE157 /* Release */,
			);
			defaultConfigurationIsVisible = 0;
			defaultConfigurationName = Release;
		};
/* End XCConfigurationList section */
	};
	rootObject = 3EBADC78253F334D00BFE157 /* Project object */;
}
